
Microsoft Visual Studio Solution File, Format Version 12.00
# Visual Studio Version 16
VisualStudioVersion = 16.0.30114.105
MinimumVisualStudioVersion = 10.0.40219.1
Project("{2150E333-8FDC-42A3-9474-1A3956D46DE8}") = "src", "src", "{8D254F0C-5192-4237-B094-F365120FDD3F}"
EndProject
Project("{FAE04EC0-301F-11D3-BF4B-00C04F79EFBC}") = "commandAPI", "src\commandAPI\commandAPI.csproj", "{31CAF744-E8A7-43B3-8CB1-4E86A652F8EA}"
EndProject
Project("{2150E333-8FDC-42A3-9474-1A3956D46DE8}") = "test", "test", "{243505DF-DF57-4C6B-8257-80B8C20F05C7}"
EndProject
Project("{FAE04EC0-301F-11D3-BF4B-00C04F79EFBC}") = "commandAPI.Tests", "test\commandAPI.Tests\commandAPI.Tests.csproj", "{F3E7938A-3A54-44ED-83B2-A71FF8E5A730}"
EndProject
Global
	GlobalSection(SolutionConfigurationPlatforms) = preSolution
		Debug|Any CPU = Debug|Any CPU
		Release|Any CPU = Release|Any CPU
	EndGlobalSection
	GlobalSection(SolutionProperties) = preSolution
		HideSolutionNode = FALSE
	EndGlobalSection
	GlobalSection(ProjectConfigurationPlatforms) = postSolution
		{31CAF744-E8A7-43B3-8CB1-4E86A652F8EA}.Debug|Any CPU.ActiveCfg = Debug|Any CPU
		{31CAF744-E8A7-43B3-8CB1-4E86A652F8EA}.Debug|Any CPU.Build.0 = Debug|Any CPU
		{31CAF744-E8A7-43B3-8CB1-4E86A652F8EA}.Release|Any CPU.ActiveCfg = Release|Any CPU
		{31CAF744-E8A7-43B3-8CB1-4E86A652F8EA}.Release|Any CPU.Build.0 = Release|Any CPU
		{F3E7938A-3A54-44ED-83B2-A71FF8E5A730}.Debug|Any CPU.ActiveCfg = Debug|Any CPU
		{F3E7938A-3A54-44ED-83B2-A71FF8E5A730}.Debug|Any CPU.Build.0 = Debug|Any CPU
		{F3E7938A-3A54-44ED-83B2-A71FF8E5A730}.Release|Any CPU.ActiveCfg = Release|Any CPU
		{F3E7938A-3A54-44ED-83B2-A71FF8E5A730}.Release|Any CPU.Build.0 = Release|Any CPU
	EndGlobalSection
	GlobalSection(NestedProjects) = preSolution
		{31CAF744-E8A7-43B3-8CB1-4E86A652F8EA} = {8D254F0C-5192-4237-B094-F365120FDD3F}
		{F3E7938A-3A54-44ED-83B2-A71FF8E5A730} = {243505DF-DF57-4C6B-8257-80B8C20F05C7}
	EndGlobalSection
EndGlobal
